# @generated - this file is auto-generated by `mise lock` https://mise.jdx.dev/dev-tools/mise-lock.html

lockfile_version = 1

[[tools.actionlint]]
version = "1.7.12"
backend = "aqua:rhysd/actionlint"
specifiers = ["1.7.12"]

[tools.actionlint."platforms.linux-arm64"]
checksum = "sha256:325e971b6ba9bfa504672e29be93c24981eeb1c07576d730e9f7c8805afff0c6"
url = "https://github.com/rhysd/actionlint/releases/download/v1.7.12/actionlint_1.7.12_linux_arm64.tar.gz"
url_api = "https://api.github.com/repos/rhysd/actionlint/releases/assets/384924897"
provenance = "github-attestations"

[tools.actionlint."platforms.linux-arm64-musl"]
checksum = "sha256:325e971b6ba9bfa504672e29be93c24981eeb1c07576d730e9f7c8805afff0c6"
url = "https://github.com/rhysd/actionlint/releases/download/v1.7.12/actionlint_1.7.12_linux_arm64.tar.gz"
url_api = "https://api.github.com/repos/rhysd/actionlint/releases/assets/384924897"
provenance = "github-attestations"

[tools.actionlint."platforms.linux-x64"]
checksum = "sha256:8aca8db96f1b94770f1b0d72b6dddcb1ebb8123cb3712530b08cc387b349a3d8"
url = "https://github.com/rhysd/actionlint/releases/download/v1.7.12/actionlint_1.7.12_linux_amd64.tar.gz"
url_api = "https://api.github.com/repos/rhysd/actionlint/releases/assets/384924896"
provenance = "github-attestations"

[tools.actionlint."platforms.linux-x64-musl"]
checksum = "sha256:8aca8db96f1b94770f1b0d72b6dddcb1ebb8123cb3712530b08cc387b349a3d8"
url = "https://github.com/rhysd/actionlint/releases/download/v1.7.12/actionlint_1.7.12_linux_amd64.tar.gz"
url_api = "https://api.github.com/repos/rhysd/actionlint/releases/assets/384924896"
provenance = "github-attestations"

[tools.actionlint."platforms.macos-arm64"]
checksum = "sha256:aba9ced2dee8d27fecca3dc7feb1a7f9a52caefa1eb46f3271ea66b6e0e6953f"
url = "https://github.com/rhysd/actionlint/releases/download/v1.7.12/actionlint_1.7.12_darwin_arm64.tar.gz"
url_api = "https://api.github.com/repos/rhysd/actionlint/releases/assets/384924893"
provenance = "github-attestations"

[tools.actionlint."platforms.macos-x64"]
checksum = "sha256:5b44c3bc2255115c9b69e30efc0fecdf498fdb63c5d58e17084fd5f16324c644"
url = "https://github.com/rhysd/actionlint/releases/download/v1.7.12/actionlint_1.7.12_darwin_amd64.tar.gz"
url_api = "https://api.github.com/repos/rhysd/actionlint/releases/assets/384924880"
provenance = "github-attestations"

[tools.actionlint."platforms.windows-x64"]
checksum = "sha256:6e7241b51e6817ea6a047693d8e6fed13b31819c9a0dd6c5a726e1592d22f6e9"
url = "https://github.com/rhysd/actionlint/releases/download/v1.7.12/actionlint_1.7.12_windows_amd64.zip"
url_api = "https://api.github.com/repos/rhysd/actionlint/releases/assets/384924919"
provenance = "github-attestations"

[[tools."aqua:jdx/hk"]]
version = "2.0.0"
backend = "aqua:jdx/hk"
specifiers = ["2.0.0"]

[tools."aqua:jdx/hk"."platforms.linux-arm64"]
checksum = "sha256:1034ac9e07d7ffc18b58c72c6fe1013bd1e6ab1d8fa421bc4f4ac68ee08cb011"
url = "https://github.com/jdx/hk/releases/download/v2.0.0/hk-aarch64-unknown-linux-gnu.tar.gz"
url_api = "https://api.github.com/repos/jdx/hk/releases/assets/560743974"

[tools."aqua:jdx/hk"."platforms.linux-arm64-musl"]
checksum = "sha256:494b4e1c6be73b44cffcead07a97681ec3f1ea72df05a6fbba5a2bfae3648604"
url = "https://github.com/jdx/hk/releases/download/v2.0.0/hk-aarch64-unknown-linux-musl.tar.gz"
url_api = "https://api.github.com/repos/jdx/hk/releases/assets/560743976"

[tools."aqua:jdx/hk"."platforms.linux-x64"]
checksum = "sha256:d2cdde7a68dba648b2d25605ceab364074a057fb93618b46ce7ac3e298bfba2c"
url = "https://github.com/jdx/hk/releases/download/v2.0.0/hk-x86_64-unknown-linux-gnu.tar.gz"
url_api = "https://api.github.com/repos/jdx/hk/releases/assets/560743996"

[tools."aqua:jdx/hk"."platforms.linux-x64-musl"]
checksum = "sha256:8faf654847d8cc7432012d4b1277ae91b4bca78275f87776f0381aee26d7920d"
url = "https://github.com/jdx/hk/releases/download/v2.0.0/hk-x86_64-unknown-linux-musl.tar.gz"
url_api = "https://api.github.com/repos/jdx/hk/releases/assets/560744002"

[tools."aqua:jdx/hk"."platforms.macos-arm64"]
checksum = "sha256:9ee3f4350b321677e5ce291882c6441b153773b32705734d2208f93ac71ce12f"
url = "https://github.com/jdx/hk/releases/download/v2.0.0/hk-aarch64-apple-darwin.tar.gz"
url_api = "https://api.github.com/repos/jdx/hk/releases/assets/560743972"

[tools."aqua:jdx/hk"."platforms.windows-x64"]
checksum = "sha256:81fca45c5e7697fdc114080f2fc1ea229bb053b4201a7f4e15e62d1a68820a65"
url = "https://github.com/jdx/hk/releases/download/v2.0.0/hk-x86_64-pc-windows-msvc.zip"
url_api = "https://api.github.com/repos/jdx/hk/releases/assets/560743971"

[[tools.cargo-deny]]
version = "0.20.2"
backend = "aqua:EmbarkStudios/cargo-deny"
specifiers = ["0.20.2"]

[tools.cargo-deny."platforms.linux-arm64"]
checksum = "sha256:995c82be0defc7a025cae49a2aa2644ce8245c9a3318fc4103907c6a285e8c7d"
url = "https://github.com/EmbarkStudios/cargo-deny/releases/download/0.20.2/cargo-deny-0.20.2-aarch64-unknown-linux-musl.tar.gz"
url_api = "https://api.github.com/repos/EmbarkStudios/cargo-deny/releases/assets/471598345"

[tools.cargo-deny."platforms.linux-arm64-musl"]
checksum = "sha256:995c82be0defc7a025cae49a2aa2644ce8245c9a3318fc4103907c6a285e8c7d"
url = "https://github.com/EmbarkStudios/cargo-deny/releases/download/0.20.2/cargo-deny-0.20.2-aarch64-unknown-linux-musl.tar.gz"
url_api = "https://api.github.com/repos/EmbarkStudios/cargo-deny/releases/assets/471598345"

[tools.cargo-deny."platforms.linux-x64"]
checksum = "sha256:9f12ed4c49936e09b48bf862b595cde2fe64fcbd9d74dfacac6131ca824c8d5f"
url = "https://github.com/EmbarkStudios/cargo-deny/releases/download/0.20.2/cargo-deny-0.20.2-x86_64-unknown-linux-musl.tar.gz"
url_api = "https://api.github.com/repos/EmbarkStudios/cargo-deny/releases/assets/471598214"

[tools.cargo-deny."platforms.linux-x64-musl"]
checksum = "sha256:9f12ed4c49936e09b48bf862b595cde2fe64fcbd9d74dfacac6131ca824c8d5f"
url = "https://github.com/EmbarkStudios/cargo-deny/releases/download/0.20.2/cargo-deny-0.20.2-x86_64-unknown-linux-musl.tar.gz"
url_api = "https://api.github.com/repos/EmbarkStudios/cargo-deny/releases/assets/471598214"

[tools.cargo-deny."platforms.macos-arm64"]
checksum = "sha256:fe67d82a10d8597a3549364cb733a3f9cc1bfff9031b7ae46384a9f2a72090c3"
url = "https://github.com/EmbarkStudios/cargo-deny/releases/download/0.20.2/cargo-deny-0.20.2-aarch64-apple-darwin.tar.gz"
url_api = "https://api.github.com/repos/EmbarkStudios/cargo-deny/releases/assets/471597689"

[tools.cargo-deny."platforms.macos-x64"]
checksum = "sha256:248da7f581724e470071990c088ffc55c811981715f4cbdb258621fb79f8b7a6"
url = "https://github.com/EmbarkStudios/cargo-deny/releases/download/0.20.2/cargo-deny-0.20.2-x86_64-apple-darwin.tar.gz"
url_api = "https://api.github.com/repos/EmbarkStudios/cargo-deny/releases/assets/471598357"

[tools.cargo-deny."platforms.windows-x64"]
checksum = "sha256:975a22143262fd27476d19ee00c7af67978426e40e1dee94eed6bbade1cf87dc"
url = "https://github.com/EmbarkStudios/cargo-deny/releases/download/0.20.2/cargo-deny-0.20.2-x86_64-pc-windows-msvc.tar.gz"
url_api = "https://api.github.com/repos/EmbarkStudios/cargo-deny/releases/assets/471599057"

[[tools."cargo:https://github.com/onur/cargo-license"]]
version = "rev:6ec6d98f31cbe58240b64ee486aa1393660bf6d2"
backend = "cargo:https://github.com/onur/cargo-license"
specifiers = ["rev:6ec6d98f31cbe58240b64ee486aa1393660bf6d2"]

[tools."cargo:https://github.com/onur/cargo-license".options]
crate = "cargo-license"

[[tools."cargo:https://github.com/sloper-ai/extension-sdk.git"]]
version = "rev:61952887b612d7ef2c2b146f1500cbea35f22a43"
backend = "cargo:https://github.com/sloper-ai/extension-sdk.git"
specifiers = ["rev:61952887b612d7ef2c2b146f1500cbea35f22a43"]

[tools."cargo:https://github.com/sloper-ai/extension-sdk.git".options]
bin = "sloper-extension"
crate = "sloper-extension-cli"

[[tools.ghalint]]
version = "1.5.6"
backend = "aqua:suzuki-shunsuke/ghalint"
specifiers = ["1.5.6"]

[tools.ghalint."platforms.linux-arm64"]
checksum = "sha256:203a22c70b40bb161626973ad2a8dd06aeb736699fc8e03dd425dee8ff3406e6"
url = "https://github.com/suzuki-shunsuke/ghalint/releases/download/v1.5.6/ghalint_1.5.6_linux_arm64.tar.gz"
url_api = "https://api.github.com/repos/suzuki-shunsuke/ghalint/releases/assets/409631231"

[tools.ghalint."platforms.linux-arm64".provenance.slsa]
url = "https://github.com/suzuki-shunsuke/ghalint/releases/download/v1.5.6/multiple.intoto.jsonl"

[tools.ghalint."platforms.linux-arm64-musl"]
checksum = "sha256:203a22c70b40bb161626973ad2a8dd06aeb736699fc8e03dd425dee8ff3406e6"
url = "https://github.com/suzuki-shunsuke/ghalint/releases/download/v1.5.6/ghalint_1.5.6_linux_arm64.tar.gz"
url_api = "https://api.github.com/repos/suzuki-shunsuke/ghalint/releases/assets/409631231"

[tools.ghalint."platforms.linux-arm64-musl".provenance.slsa]
url = "https://github.com/suzuki-shunsuke/ghalint/releases/download/v1.5.6/multiple.intoto.jsonl"

[tools.ghalint."platforms.linux-x64"]
checksum = "sha256:98ee0e3330de7286f470d1e89c03ff7ce70d7a5998ba0f15969c400447be579c"
url = "https://github.com/suzuki-shunsuke/ghalint/releases/download/v1.5.6/ghalint_1.5.6_linux_amd64.tar.gz"
url_api = "https://api.github.com/repos/suzuki-shunsuke/ghalint/releases/assets/409631220"

[tools.ghalint."platforms.linux-x64".provenance.slsa]
url = "https://github.com/suzuki-shunsuke/ghalint/releases/download/v1.5.6/multiple.intoto.jsonl"

[tools.ghalint."platforms.linux-x64-musl"]
checksum = "sha256:98ee0e3330de7286f470d1e89c03ff7ce70d7a5998ba0f15969c400447be579c"
url = "https://github.com/suzuki-shunsuke/ghalint/releases/download/v1.5.6/ghalint_1.5.6_linux_amd64.tar.gz"
url_api = "https://api.github.com/repos/suzuki-shunsuke/ghalint/releases/assets/409631220"

[tools.ghalint."platforms.linux-x64-musl".provenance.slsa]
url = "https://github.com/suzuki-shunsuke/ghalint/releases/download/v1.5.6/multiple.intoto.jsonl"

[tools.ghalint."platforms.macos-arm64"]
checksum = "sha256:1262cac411e27b4653e6b66b7b06580ebcc2026fdd903e12e6cb0e4591639de6"
url = "https://github.com/suzuki-shunsuke/ghalint/releases/download/v1.5.6/ghalint_1.5.6_darwin_arm64.tar.gz"
url_api = "https://api.github.com/repos/suzuki-shunsuke/ghalint/releases/assets/409631219"

[tools.ghalint."platforms.macos-arm64".provenance.slsa]
url = "https://github.com/suzuki-shunsuke/ghalint/releases/download/v1.5.6/multiple.intoto.jsonl"

[tools.ghalint."platforms.macos-x64"]
checksum = "sha256:d2a0e8605333068065dcf4c9b7b7a24891eda1750ac01fb755dfba426a390883"
url = "https://github.com/suzuki-shunsuke/ghalint/releases/download/v1.5.6/ghalint_1.5.6_darwin_amd64.tar.gz"
url_api = "https://api.github.com/repos/suzuki-shunsuke/ghalint/releases/assets/409631204"

[tools.ghalint."platforms.macos-x64".provenance.slsa]
url = "https://github.com/suzuki-shunsuke/ghalint/releases/download/v1.5.6/multiple.intoto.jsonl"

[tools.ghalint."platforms.windows-x64"]
checksum = "sha256:109ea9b39c8e263cef924bd3b4fe5505964204f934ca60d986f4090d01a99ba5"
url = "https://github.com/suzuki-shunsuke/ghalint/releases/download/v1.5.6/ghalint_1.5.6_windows_amd64.zip"
url_api = "https://api.github.com/repos/suzuki-shunsuke/ghalint/releases/assets/409631234"

[tools.ghalint."platforms.windows-x64".provenance.slsa]
url = "https://github.com/suzuki-shunsuke/ghalint/releases/download/v1.5.6/multiple.intoto.jsonl"

[[tools.gitleaks]]
version = "8.30.1"
backend = "aqua:gitleaks/gitleaks"
specifiers = ["8.30.1"]

[tools.gitleaks."platforms.linux-arm64"]
checksum = "sha256:e4a487ee7ccd7d3a7f7ec08657610aa3606637dab924210b3aee62570fb4b080"
url = "https://github.com/gitleaks/gitleaks/releases/download/v8.30.1/gitleaks_8.30.1_linux_arm64.tar.gz"
url_api = "https://api.github.com/repos/gitleaks/gitleaks/releases/assets/378332057"

[tools.gitleaks."platforms.linux-arm64-musl"]
checksum = "sha256:e4a487ee7ccd7d3a7f7ec08657610aa3606637dab924210b3aee62570fb4b080"
url = "https://github.com/gitleaks/gitleaks/releases/download/v8.30.1/gitleaks_8.30.1_linux_arm64.tar.gz"
url_api = "https://api.github.com/repos/gitleaks/gitleaks/releases/assets/378332057"

[tools.gitleaks."platforms.linux-x64"]
checksum = "sha256:551f6fc83ea457d62a0d98237cbad105af8d557003051f41f3e7ca7b3f2470eb"
url = "https://github.com/gitleaks/gitleaks/releases/download/v8.30.1/gitleaks_8.30.1_linux_x64.tar.gz"
url_api = "https://api.github.com/repos/gitleaks/gitleaks/releases/assets/378332058"

[tools.gitleaks."platforms.linux-x64-musl"]
checksum = "sha256:551f6fc83ea457d62a0d98237cbad105af8d557003051f41f3e7ca7b3f2470eb"
url = "https://github.com/gitleaks/gitleaks/releases/download/v8.30.1/gitleaks_8.30.1_linux_x64.tar.gz"
url_api = "https://api.github.com/repos/gitleaks/gitleaks/releases/assets/378332058"

[tools.gitleaks."platforms.macos-arm64"]
checksum = "sha256:b40ab0ae55c505963e365f271a8d3846efbc170aa17f2607f13df610a9aeb6a5"
url = "https://github.com/gitleaks/gitleaks/releases/download/v8.30.1/gitleaks_8.30.1_darwin_arm64.tar.gz"
url_api = "https://api.github.com/repos/gitleaks/gitleaks/releases/assets/378332059"

[tools.gitleaks."platforms.macos-x64"]
checksum = "sha256:dfe101a4db2255fc85120ac7f3d25e4342c3c20cf749f2c20a18081af1952709"
url = "https://github.com/gitleaks/gitleaks/releases/download/v8.30.1/gitleaks_8.30.1_darwin_x64.tar.gz"
url_api = "https://api.github.com/repos/gitleaks/gitleaks/releases/assets/378332053"

[tools.gitleaks."platforms.windows-x64"]
checksum = "sha256:d29144deff3a68aa93ced33dddf84b7fdc26070add4aa0f4513094c8332afc4e"
url = "https://github.com/gitleaks/gitleaks/releases/download/v8.30.1/gitleaks_8.30.1_windows_x64.zip"
url_api = "https://api.github.com/repos/gitleaks/gitleaks/releases/assets/378333178"

[[tools.jq]]
version = "1.8.2"
backend = "aqua:jqlang/jq"
specifiers = ["1.8.2"]

[tools.jq."platforms.linux-arm64"]
checksum = "sha256:8b85c817833814ddca00a144c33705546355afccf0cf39b188f3cdb48b852309"
url = "https://github.com/jqlang/jq/releases/download/jq-1.8.2/jq-linux-arm64"
url_api = "https://api.github.com/repos/jqlang/jq/releases/assets/453012756"
provenance = "github-attestations"

[tools.jq."platforms.linux-arm64-musl"]
checksum = "sha256:8b85c817833814ddca00a144c33705546355afccf0cf39b188f3cdb48b852309"
url = "https://github.com/jqlang/jq/releases/download/jq-1.8.2/jq-linux-arm64"
url_api = "https://api.github.com/repos/jqlang/jq/releases/assets/453012756"
provenance = "github-attestations"

[tools.jq."platforms.linux-x64"]
checksum = "sha256:b1c22172dd303f3be49e935aa56aa48a8b7a46e0bc838b4997d3bb451495870f"
url = "https://github.com/jqlang/jq/releases/download/jq-1.8.2/jq-linux-amd64"
url_api = "https://api.github.com/repos/jqlang/jq/releases/assets/453012752"
provenance = "github-attestations"

[tools.jq."platforms.linux-x64-musl"]
checksum = "sha256:b1c22172dd303f3be49e935aa56aa48a8b7a46e0bc838b4997d3bb451495870f"
url = "https://github.com/jqlang/jq/releases/download/jq-1.8.2/jq-linux-amd64"
url_api = "https://api.github.com/repos/jqlang/jq/releases/assets/453012752"
provenance = "github-attestations"

[tools.jq."platforms.macos-arm64"]
checksum = "sha256:2d75340ba57a4b4b4c8708a21c2dc8e958a48aaa8bba13b27f77f6e4c0eca07e"
url = "https://github.com/jqlang/jq/releases/download/jq-1.8.2/jq-macos-arm64"
url_api = "https://api.github.com/repos/jqlang/jq/releases/assets/453012783"
provenance = "github-attestations"

[tools.jq."platforms.macos-x64"]
checksum = "sha256:e94b266e3c26690550006abe63152b782280f4e14374accdf04cbde844f00bc0"
url = "https://github.com/jqlang/jq/releases/download/jq-1.8.2/jq-macos-amd64"
url_api = "https://api.github.com/repos/jqlang/jq/releases/assets/453012782"
provenance = "github-attestations"

[tools.jq."platforms.windows-x64"]
checksum = "sha256:a6fc67fedaf9128a3309a1e2ebb8b986aeccf70122ee46d2cb4849e423f0c627"
url = "https://github.com/jqlang/jq/releases/download/jq-1.8.2/jq-windows-amd64.exe"
url_api = "https://api.github.com/repos/jqlang/jq/releases/assets/453012788"
provenance = "github-attestations"

[[tools.lychee]]
version = "0.24.2"
backend = "aqua:lycheeverse/lychee"
specifiers = ["0.24.2"]

[tools.lychee."platforms.linux-arm64"]
checksum = "sha256:91a7bd65685da41b90ccb9bc867a3d649a7818042dae04ff405e55a25bddee4c"
url = "https://github.com/lycheeverse/lychee/releases/download/lychee-v0.24.2/lychee-aarch64-unknown-linux-gnu.tar.gz"
url_api = "https://api.github.com/repos/lycheeverse/lychee/releases/assets/409959442"

[tools.lychee."platforms.linux-arm64-musl"]
checksum = "sha256:5d0b0e3aeab240f41920c633a6eaf97599be6eedda034b36e858ede7dba5e535"
url = "https://github.com/lycheeverse/lychee/releases/download/lychee-v0.24.2/lychee-aarch64-unknown-linux-musl.tar.gz"
url_api = "https://api.github.com/repos/lycheeverse/lychee/releases/assets/409958602"

[tools.lychee."platforms.linux-x64"]
checksum = "sha256:1f4e0ef7f6554a6ed33dd7ac144fb2e1bbed98598e7af973042fc5cd43951c9a"
url = "https://github.com/lycheeverse/lychee/releases/download/lychee-v0.24.2/lychee-x86_64-unknown-linux-gnu.tar.gz"
url_api = "https://api.github.com/repos/lycheeverse/lychee/releases/assets/409959156"

[tools.lychee."platforms.linux-x64-musl"]
checksum = "sha256:73657a111819a30c47c08352896796f23d64e4eb2b3ed39b6d32149241566fc5"
url = "https://github.com/lycheeverse/lychee/releases/download/lychee-v0.24.2/lychee-x86_64-unknown-linux-musl.tar.gz"
url_api = "https://api.github.com/repos/lycheeverse/lychee/releases/assets/409959271"

[tools.lychee."platforms.macos-arm64"]
checksum = "sha256:c9d3740ea2d891854d37116c9fba840f37b6e7c89d330e7db84ac333631c4977"
url = "https://github.com/lycheeverse/lychee/releases/download/lychee-v0.24.2/lychee-aarch64-apple-darwin.tar.gz"
url_api = "https://api.github.com/repos/lycheeverse/lychee/releases/assets/409957951"

[tools.lychee."platforms.macos-x64"]
checksum = "sha256:887503a9cff667d322b8d0892b40bf49976eb9507af8483220a3706cdad55978"
url = "https://github.com/lycheeverse/lychee/releases/download/lychee-v0.24.2/lychee-x86_64-apple-darwin.tar.gz"
url_api = "https://api.github.com/repos/lycheeverse/lychee/releases/assets/409957687"

[tools.lychee."platforms.windows-x64"]
checksum = "sha256:32975d1493ee1a975d6bb41e4fb56fe419cb442ded628bb772ba2e614acfacad"
url = "https://github.com/lycheeverse/lychee/releases/download/lychee-v0.24.2/lychee-x86_64-pc-windows-msvc.zip"
url_api = "https://api.github.com/repos/lycheeverse/lychee/releases/assets/409959491"

[[tools.pkl]]
version = "0.32.1"
backend = "aqua:apple/pkl"
specifiers = ["0.32.1"]

[tools.pkl."platforms.linux-arm64"]
checksum = "sha256:a76d2dd47da435a8f911b0347373f47c7e59ea54fb75ff846d20b8df10dba058"
url = "https://github.com/apple/pkl/releases/download/0.32.1/pkl-linux-aarch64"
url_api = "https://api.github.com/repos/apple/pkl/releases/assets/487426568"

[tools.pkl."platforms.linux-arm64-musl"]
checksum = "sha256:a76d2dd47da435a8f911b0347373f47c7e59ea54fb75ff846d20b8df10dba058"
url = "https://github.com/apple/pkl/releases/download/0.32.1/pkl-linux-aarch64"
url_api = "https://api.github.com/repos/apple/pkl/releases/assets/487426568"

[tools.pkl."platforms.linux-x64"]
checksum = "sha256:3180b62da95c0cad1d904e9bb6c5f4a8f9032413c21e53194bb91ff1ee5f3211"
url = "https://github.com/apple/pkl/releases/download/0.32.1/pkl-linux-amd64"
url_api = "https://api.github.com/repos/apple/pkl/releases/assets/487426567"

[tools.pkl."platforms.linux-x64-musl"]
checksum = "sha256:3180b62da95c0cad1d904e9bb6c5f4a8f9032413c21e53194bb91ff1ee5f3211"
url = "https://github.com/apple/pkl/releases/download/0.32.1/pkl-linux-amd64"
url_api = "https://api.github.com/repos/apple/pkl/releases/assets/487426567"

[tools.pkl."platforms.macos-arm64"]
checksum = "sha256:563eb51c9a20b16a3625464ed745c675ed9750381f2126722696a0d7cac1d9d3"
url = "https://github.com/apple/pkl/releases/download/0.32.1/pkl-macos-aarch64"
url_api = "https://api.github.com/repos/apple/pkl/releases/assets/487426570"

[tools.pkl."platforms.macos-x64"]
checksum = "sha256:5b74b903234047960144f66f2cebdd12d267d9b98e8155ed91d2ae5ed27e2d1f"
url = "https://github.com/apple/pkl/releases/download/0.32.1/pkl-macos-amd64"
url_api = "https://api.github.com/repos/apple/pkl/releases/assets/487426599"

[tools.pkl."platforms.windows-x64"]
checksum = "sha256:8550a00fcf027335e42c5e2cd553b88e98845408cb1880b3e3d1860caf46d22a"
url = "https://github.com/apple/pkl/releases/download/0.32.1/pkl-windows-amd64.exe"
url_api = "https://api.github.com/repos/apple/pkl/releases/assets/487426668"

[[tools.rumdl]]
version = "0.2.73"
backend = "aqua:rvben/rumdl"
specifiers = ["0.2.73"]

[tools.rumdl."platforms.linux-arm64"]
checksum = "sha256:83fb9a5899d192b828625f21cb26f8971dc5e6c280a947594db1f0932cb9e7df"
url = "https://github.com/rvben/rumdl/releases/download/v0.2.73/rumdl-v0.2.73-aarch64-unknown-linux-gnu.tar.gz"
url_api = "https://api.github.com/repos/rvben/rumdl/releases/assets/557839622"
provenance = "github-attestations"

[tools.rumdl."platforms.linux-arm64-musl"]
checksum = "sha256:f51548adfc71c4982cb5cc239d847bcd4c884e6ac8dc67efd68efd3eea9753a4"
url = "https://github.com/rvben/rumdl/releases/download/v0.2.73/rumdl-v0.2.73-aarch64-unknown-linux-musl.tar.gz"
url_api = "https://api.github.com/repos/rvben/rumdl/releases/assets/557839618"
provenance = "github-attestations"

[tools.rumdl."platforms.linux-x64"]
checksum = "sha256:d56a8e40471af32fe3229e845f3e299e3691665b15cd4ca28f2deb502c487666"
url = "https://github.com/rvben/rumdl/releases/download/v0.2.73/rumdl-v0.2.73-x86_64-unknown-linux-gnu.tar.gz"
url_api = "https://api.github.com/repos/rvben/rumdl/releases/assets/557839623"
provenance = "github-attestations"

[tools.rumdl."platforms.linux-x64-musl"]
checksum = "sha256:dc4aa9bf98f936f667039224a34fc2e26ddf6be3589bf59d63e4d6b038be4f5c"
url = "https://github.com/rvben/rumdl/releases/download/v0.2.73/rumdl-v0.2.73-x86_64-unknown-linux-musl.tar.gz"
url_api = "https://api.github.com/repos/rvben/rumdl/releases/assets/557839615"
provenance = "github-attestations"

[tools.rumdl."platforms.macos-arm64"]
checksum = "sha256:54e0e7c3031b8bfa37e3c57104cc0c93988e02f5b7023c1804749fd180822f9e"
url = "https://github.com/rvben/rumdl/releases/download/v0.2.73/rumdl-v0.2.73-aarch64-apple-darwin.tar.gz"
url_api = "https://api.github.com/repos/rvben/rumdl/releases/assets/557839617"
provenance = "github-attestations"

[tools.rumdl."platforms.macos-x64"]
checksum = "sha256:ad181073e75df52e982025d1f5a9508ef6588f895ef5f78227301499325ea132"
url = "https://github.com/rvben/rumdl/releases/download/v0.2.73/rumdl-v0.2.73-x86_64-apple-darwin.tar.gz"
url_api = "https://api.github.com/repos/rvben/rumdl/releases/assets/557839628"
provenance = "github-attestations"

[tools.rumdl."platforms.windows-x64"]
checksum = "sha256:bc6c86d61588e9c92ec9927903ed4973986d30b94d042732ddf62424755dd3c8"
url = "https://github.com/rvben/rumdl/releases/download/v0.2.73/rumdl-v0.2.73-x86_64-pc-windows-msvc.zip"
url_api = "https://api.github.com/repos/rvben/rumdl/releases/assets/557839616"
provenance = "github-attestations"

[[tools.rust]]
version = "nightly-2026-08-15"
backend = "core:rust"
specifiers = ["nightly-2026-08-15"]

[[tools.ryl]]
version = "0.22.0"
backend = "aqua:owenlamont/ryl"
specifiers = ["0.22.0"]

[tools.ryl."platforms.linux-arm64"]
checksum = "sha256:1045ea5807ae274c0812f63f73469018b58f822c8987e22b71f9995be971a6dd"
url = "https://github.com/owenlamont/ryl/releases/download/v0.22.0/ryl-aarch64-unknown-linux-gnu.tar.gz"
url_api = "https://api.github.com/repos/owenlamont/ryl/releases/assets/547221094"
provenance = "github-attestations"

[tools.ryl."platforms.linux-arm64-musl"]
checksum = "sha256:e2756acb29fac8a1963ef6477f557d31bd9b6a1fb0d745dcb2c5c24714e20910"
url = "https://github.com/owenlamont/ryl/releases/download/v0.22.0/ryl-aarch64-unknown-linux-musl.tar.gz"
url_api = "https://api.github.com/repos/owenlamont/ryl/releases/assets/547221095"
provenance = "github-attestations"

[tools.ryl."platforms.linux-x64"]
checksum = "sha256:e51be237168ff44c8e28caca87db35c15ac5c943bba5edba0e72465b51add524"
url = "https://github.com/owenlamont/ryl/releases/download/v0.22.0/ryl-x86_64-unknown-linux-gnu.tar.gz"
url_api = "https://api.github.com/repos/owenlamont/ryl/releases/assets/547221116"
provenance = "github-attestations"

[tools.ryl."platforms.linux-x64-musl"]
checksum = "sha256:43625dd5c968b2c08e875a8121b2c441bd5059414d8d1fbe8d791cf6bfde402c"
url = "https://github.com/owenlamont/ryl/releases/download/v0.22.0/ryl-x86_64-unknown-linux-musl.tar.gz"
url_api = "https://api.github.com/repos/owenlamont/ryl/releases/assets/547221117"
provenance = "github-attestations"

[tools.ryl."platforms.macos-arm64"]
checksum = "sha256:512051556cc92b3bfcb21c434072dcb3de7088af4982439ff0cce7888819f501"
url = "https://github.com/owenlamont/ryl/releases/download/v0.22.0/ryl-aarch64-apple-darwin.tar.gz"
url_api = "https://api.github.com/repos/owenlamont/ryl/releases/assets/547221097"
provenance = "github-attestations"

[tools.ryl."platforms.windows-x64"]
checksum = "sha256:c0b3c8520b0d749d5df974e9638110a7169cde1d8febd6a4e68e802c5de7a70d"
url = "https://github.com/owenlamont/ryl/releases/download/v0.22.0/ryl-x86_64-pc-windows-msvc.zip"
url_api = "https://api.github.com/repos/owenlamont/ryl/releases/assets/547221108"
provenance = "github-attestations"

[[tools.shellcheck]]
version = "0.11.0"
backend = "aqua:koalaman/shellcheck"
specifiers = ["0.11.0"]

[tools.shellcheck."platforms.linux-arm64"]
checksum = "sha256:12b331c1d2db6b9eb13cfca64306b1b157a86eb69db83023e261eaa7e7c14588"
url = "https://github.com/koalaman/shellcheck/releases/download/v0.11.0/shellcheck-v0.11.0.linux.aarch64.tar.xz"
url_api = "https://api.github.com/repos/koalaman/shellcheck/releases/assets/279056934"

[tools.shellcheck."platforms.linux-arm64-musl"]
checksum = "sha256:12b331c1d2db6b9eb13cfca64306b1b157a86eb69db83023e261eaa7e7c14588"
url = "https://github.com/koalaman/shellcheck/releases/download/v0.11.0/shellcheck-v0.11.0.linux.aarch64.tar.xz"
url_api = "https://api.github.com/repos/koalaman/shellcheck/releases/assets/279056934"

[tools.shellcheck."platforms.linux-x64"]
checksum = "sha256:8c3be12b05d5c177a04c29e3c78ce89ac86f1595681cab149b65b97c4e227198"
url = "https://github.com/koalaman/shellcheck/releases/download/v0.11.0/shellcheck-v0.11.0.linux.x86_64.tar.xz"
url_api = "https://api.github.com/repos/koalaman/shellcheck/releases/assets/279056942"

[tools.shellcheck."platforms.linux-x64-musl"]
checksum = "sha256:8c3be12b05d5c177a04c29e3c78ce89ac86f1595681cab149b65b97c4e227198"
url = "https://github.com/koalaman/shellcheck/releases/download/v0.11.0/shellcheck-v0.11.0.linux.x86_64.tar.xz"
url_api = "https://api.github.com/repos/koalaman/shellcheck/releases/assets/279056942"

[tools.shellcheck."platforms.macos-arm64"]
checksum = "sha256:56affdd8de5527894dca6dc3d7e0a99a873b0f004d7aabc30ae407d3f48b0a79"
url = "https://github.com/koalaman/shellcheck/releases/download/v0.11.0/shellcheck-v0.11.0.darwin.aarch64.tar.xz"
url_api = "https://api.github.com/repos/koalaman/shellcheck/releases/assets/279056932"

[tools.shellcheck."platforms.macos-x64"]
checksum = "sha256:3c89db4edcab7cf1c27bff178882e0f6f27f7afdf54e859fa041fca10febe4c6"
url = "https://github.com/koalaman/shellcheck/releases/download/v0.11.0/shellcheck-v0.11.0.darwin.x86_64.tar.xz"
url_api = "https://api.github.com/repos/koalaman/shellcheck/releases/assets/279056930"

[tools.shellcheck."platforms.windows-x64"]
checksum = "sha256:8a4e35ab0b331c85d73567b12f2a444df187f483e5079ceffa6bda1faa2e740e"
url = "https://github.com/koalaman/shellcheck/releases/download/v0.11.0/shellcheck-v0.11.0.zip"
url_api = "https://api.github.com/repos/koalaman/shellcheck/releases/assets/279056944"

[[tools.tombi]]
version = "1.5.5"
backend = "aqua:tombi-toml/tombi"
specifiers = ["1.5.5"]

[tools.tombi."platforms.linux-arm64"]
checksum = "sha256:a545a471cec6baf982bcb8e274d097303cece1a72136ada79d240adb6d1354f6"
url = "https://github.com/tombi-toml/tombi/releases/download/v1.5.5/tombi-cli-1.5.5-aarch64-unknown-linux-musl.tar.gz"
url_api = "https://api.github.com/repos/tombi-toml/tombi/releases/assets/559313379"
provenance = "github-attestations"

[tools.tombi."platforms.linux-arm64-musl"]
checksum = "sha256:a545a471cec6baf982bcb8e274d097303cece1a72136ada79d240adb6d1354f6"
url = "https://github.com/tombi-toml/tombi/releases/download/v1.5.5/tombi-cli-1.5.5-aarch64-unknown-linux-musl.tar.gz"
url_api = "https://api.github.com/repos/tombi-toml/tombi/releases/assets/559313379"
provenance = "github-attestations"

[tools.tombi."platforms.linux-x64"]
checksum = "sha256:6c50d2589989e8182e9f6e774b4b25c9f5729b67a2a7e7dcaadddbedbe1da5ec"
url = "https://github.com/tombi-toml/tombi/releases/download/v1.5.5/tombi-cli-1.5.5-x86_64-unknown-linux-musl.tar.gz"
url_api = "https://api.github.com/repos/tombi-toml/tombi/releases/assets/559313407"
provenance = "github-attestations"

[tools.tombi."platforms.linux-x64-musl"]
checksum = "sha256:6c50d2589989e8182e9f6e774b4b25c9f5729b67a2a7e7dcaadddbedbe1da5ec"
url = "https://github.com/tombi-toml/tombi/releases/download/v1.5.5/tombi-cli-1.5.5-x86_64-unknown-linux-musl.tar.gz"
url_api = "https://api.github.com/repos/tombi-toml/tombi/releases/assets/559313407"
provenance = "github-attestations"

[tools.tombi."platforms.macos-arm64"]
checksum = "sha256:460b3269414d2ca26e05863908764f118bea3b4a52068081af6a3dae03c1320e"
url = "https://github.com/tombi-toml/tombi/releases/download/v1.5.5/tombi-cli-1.5.5-aarch64-apple-darwin.tar.gz"
url_api = "https://api.github.com/repos/tombi-toml/tombi/releases/assets/559313381"
provenance = "github-attestations"

[tools.tombi."platforms.macos-x64"]
checksum = "sha256:9276c456e4a0217e95fb84ac3cde29d281d7b53e5eb168d83cb038ec07e2083d"
url = "https://github.com/tombi-toml/tombi/releases/download/v1.5.5/tombi-cli-1.5.5-x86_64-apple-darwin.tar.gz"
url_api = "https://api.github.com/repos/tombi-toml/tombi/releases/assets/559313375"
provenance = "github-attestations"

[tools.tombi."platforms.windows-x64"]
checksum = "sha256:49e8aa14e82038a13c5f9f50cc6524b56b9bce167734bead31439939e0830a3b"
url = "https://github.com/tombi-toml/tombi/releases/download/v1.5.5/tombi-cli-1.5.5-x86_64-pc-windows-msvc.zip"
url_api = "https://api.github.com/repos/tombi-toml/tombi/releases/assets/559313401"
provenance = "github-attestations"

[[tools.typos]]
version = "1.50.1"
backend = "aqua:crate-ci/typos"
specifiers = ["1.50.1"]

[tools.typos."platforms.linux-arm64"]
checksum = "sha256:a48feb58c517977ca953e634507c72819d64df8717c33ced3e43868d174fd39e"
url = "https://github.com/crate-ci/typos/releases/download/v1.50.1/typos-v1.50.1-aarch64-unknown-linux-musl.tar.gz"
url_api = "https://api.github.com/repos/crate-ci/typos/releases/assets/539857357"

[tools.typos."platforms.linux-arm64-musl"]
checksum = "sha256:a48feb58c517977ca953e634507c72819d64df8717c33ced3e43868d174fd39e"
url = "https://github.com/crate-ci/typos/releases/download/v1.50.1/typos-v1.50.1-aarch64-unknown-linux-musl.tar.gz"
url_api = "https://api.github.com/repos/crate-ci/typos/releases/assets/539857357"

[tools.typos."platforms.linux-x64"]
checksum = "sha256:edf0545109aee6a22751d04ddecb97c45be47d3aa0409564fb895eeeace91b1e"
url = "https://github.com/crate-ci/typos/releases/download/v1.50.1/typos-v1.50.1-x86_64-unknown-linux-musl.tar.gz"
url_api = "https://api.github.com/repos/crate-ci/typos/releases/assets/539858793"

[tools.typos."platforms.linux-x64-musl"]
checksum = "sha256:edf0545109aee6a22751d04ddecb97c45be47d3aa0409564fb895eeeace91b1e"
url = "https://github.com/crate-ci/typos/releases/download/v1.50.1/typos-v1.50.1-x86_64-unknown-linux-musl.tar.gz"
url_api = "https://api.github.com/repos/crate-ci/typos/releases/assets/539858793"

[tools.typos."platforms.macos-arm64"]
checksum = "sha256:2c940734b44b6e199e165278b662b7e17c68f068471a2a8a5e491ce635414ae6"
url = "https://github.com/crate-ci/typos/releases/download/v1.50.1/typos-v1.50.1-aarch64-apple-darwin.tar.gz"
url_api = "https://api.github.com/repos/crate-ci/typos/releases/assets/539861019"

[tools.typos."platforms.macos-x64"]
checksum = "sha256:b31ccf2f21154b2bc8d2a84f395f746106edda0feec4817fbecdb12216df53bd"
url = "https://github.com/crate-ci/typos/releases/download/v1.50.1/typos-v1.50.1-x86_64-apple-darwin.tar.gz"
url_api = "https://api.github.com/repos/crate-ci/typos/releases/assets/539861041"

[tools.typos."platforms.windows-x64"]
checksum = "sha256:8740867a0d9e44a62f0803e37a669ec3c6cd17ab63cd49d00e14a96d3e03ccc3"
url = "https://github.com/crate-ci/typos/releases/download/v1.50.1/typos-v1.50.1-x86_64-pc-windows-msvc.zip"
url_api = "https://api.github.com/repos/crate-ci/typos/releases/assets/539862554"
